// !$*UTF8*$!
{
	archiveVersion = 1;
	classes = {
	};
	objectVersion = 55;
	objects = {

/* Begin PBXBuildFile section */
		694C798F29AE8292000C5CDF /* User.swift in Sources */ = {isa = PBXBuildFile; fileRef = 694C798E29AE8292000C5CDF /* User.swift */; };
		6954BE0029C391CC00010C5C /* Checker.swift in Sources */ = {isa = PBXBuildFile; fileRef = 6954BDFF29C391CC00010C5C /* Checker.swift */; };
		6973B8C128F735E700DDBB39 /* LogInViewController.swift in Sources */ = {isa = PBXBuildFile; fileRef = 6973B8C028F735E700DDBB39 /* LogInViewController.swift */; };
		69762A67291AC5030054AA7D /* PostTableViewCell.swift in Sources */ = {isa = PBXBuildFile; fileRef = 69762A66291AC5030054AA7D /* PostTableViewCell.swift */; };
		69799EE32927EB3500A6F801 /* PhotosViewController.swift in Sources */ = {isa = PBXBuildFile; fileRef = 69799EE22927EB3500A6F801 /* PhotosViewController.swift */; };
		69799EE52927EB6800A6F801 /* PhotosTableViewCell.swift in Sources */ = {isa = PBXBuildFile; fileRef = 69799EE42927EB6800A6F801 /* PhotosTableViewCell.swift */; };
		69799EE72927EB9200A6F801 /* PhotosCollectionViewCell.swift in Sources */ = {isa = PBXBuildFile; fileRef = 69799EE62927EB9200A6F801 /* PhotosCollectionViewCell.swift */; };
		697ECF9B290E74DA00B5C7E8 /* CustomButton.swift in Sources */ = {isa = PBXBuildFile; fileRef = 697ECF9A290E74DA00B5C7E8 /* CustomButton.swift */; };
		697F0A7428C6748900B4F9AB /* FeedViewController.swift in Sources */ = {isa = PBXBuildFile; fileRef = 697F0A7328C6748900B4F9AB /* FeedViewController.swift */; };
		697F0A7628C674AE00B4F9AB /* ProfileViewController.swift in Sources */ = {isa = PBXBuildFile; fileRef = 697F0A7528C674AE00B4F9AB /* ProfileViewController.swift */; };
		697F0A7828C6752B00B4F9AB /* PostViewController.swift in Sources */ = {isa = PBXBuildFile; fileRef = 697F0A7728C6752B00B4F9AB /* PostViewController.swift */; };
		697F0A7A28C6754C00B4F9AB /* InfoViewController.swift in Sources */ = {isa = PBXBuildFile; fileRef = 697F0A7928C6754C00B4F9AB /* InfoViewController.swift */; };
		69905D37293CEE75007A9315 /* CustomCell.swift in Sources */ = {isa = PBXBuildFile; fileRef = 69905D36293CEE75007A9315 /* CustomCell.swift */; };
		69A1D04928D3AC2E0091301A /* ProfileTableHederView.swift in Sources */ = {isa = PBXBuildFile; fileRef = 69A1D04828D3AC2E0091301A /* ProfileTableHederView.swift */; };
		69B9872828C7C8F60013D319 /* TabBarController.swift in Sources */ = {isa = PBXBuildFile; fileRef = 69B9872728C7C8F60013D319 /* TabBarController.swift */; };
		69C2D32B28C3B426008C198D /* AppDelegate.swift in Sources */ = {isa = PBXBuildFile; fileRef = 69C2D32A28C3B426008C198D /* AppDelegate.swift */; };
		69C2D32D28C3B426008C198D /* SceneDelegate.swift in Sources */ = {isa = PBXBuildFile; fileRef = 69C2D32C28C3B426008C198D /* SceneDelegate.swift */; };
		69C2D32F28C3B426008C198D /* ViewController.swift in Sources */ = {isa = PBXBuildFile; fileRef = 69C2D32E28C3B426008C198D /* ViewController.swift */; };
		69C2D33428C3B428008C198D /* Assets.xcassets in Resources */ = {isa = PBXBuildFile; fileRef = 69C2D33328C3B428008C198D /* Assets.xcassets */; };
		69C2D33728C3B428008C198D /* LaunchScreen.storyboard in Resources */ = {isa = PBXBuildFile; fileRef = 69C2D33528C3B428008C198D /* LaunchScreen.storyboard */; };
		69D2ECDE299D5AA400721D5F /* StorageService.docc in Sources */ = {isa = PBXBuildFile; fileRef = 69D2ECDD299D5AA400721D5F /* StorageService.docc */; };
		69D2ECEC299D5AA500721D5F /* StorageService.h in Headers */ = {isa = PBXBuildFile; fileRef = 69D2ECDC299D5AA400721D5F /* StorageService.h */; settings = {ATTRIBUTES = (Public, ); }; };
		69D2ECEF299D5AA500721D5F /* StorageService.framework in Frameworks */ = {isa = PBXBuildFile; fileRef = 69D2ECDA299D5AA400721D5F /* StorageService.framework */; };
		69D2ECF0299D5AA500721D5F /* StorageService.framework in Embed Frameworks */ = {isa = PBXBuildFile; fileRef = 69D2ECDA299D5AA400721D5F /* StorageService.framework */; settings = {ATTRIBUTES = (CodeSignOnCopy, RemoveHeadersOnCopy, ); }; };
		69D52BAC29A0E7F7003239F1 /* PostStruct.swift in Sources */ = {isa = PBXBuildFile; fileRef = 6948125C291EC57A009018C1 /* PostStruct.swift */; };
		69D52BAD29A0E80D003239F1 /* Post.swift in Sources */ = {isa = PBXBuildFile; fileRef = 69811F0828CE2046001867B8 /* Post.swift */; };
		69DF510D29E1CBA300F5FFD9 /* iOSIntPackage in Frameworks */ = {isa = PBXBuildFile; productRef = 69DF510C29E1CBA300F5FFD9 /* iOSIntPackage */; };
/* End PBXBuildFile section */

/* Begin PBXContainerItemProxy section */
		69D2ECED299D5AA500721D5F /* PBXContainerItemProxy */ = {
			isa = PBXContainerItemProxy;
			containerPortal = 69C2D31F28C3B426008C198D /* Project object */;
			proxyType = 1;
			remoteGlobalIDString = 69D2ECD9299D5AA400721D5F;
			remoteInfo = StorageService;
		};
/* End PBXContainerItemProxy section */

/* Begin PBXCopyFilesBuildPhase section */
		69D2ECF1299D5AA500721D5F /* Embed Frameworks */ = {
			isa = PBXCopyFilesBuildPhase;
			buildActionMask = 2147483647;
			dstPath = "";
			dstSubfolderSpec = 10;
			files = (
				69D2ECF0299D5AA500721D5F /* StorageService.framework in Embed Frameworks */,
			);
			name = "Embed Frameworks";
			runOnlyForDeploymentPostprocessing = 0;
		};
/* End PBXCopyFilesBuildPhase section */

/* Begin PBXFileReference section */
		6948125C291EC57A009018C1 /* PostStruct.swift */ = {isa = PBXFileReference; lastKnownFileType = sourcecode.swift; path = PostStruct.swift; sourceTree = "<group>"; };
		694C798E29AE8292000C5CDF /* User.swift */ = {isa = PBXFileReference; lastKnownFileType = sourcecode.swift; path = User.swift; sourceTree = "<group>"; };
		6954BDFF29C391CC00010C5C /* Checker.swift */ = {isa = PBXFileReference; lastKnownFileType = sourcecode.swift; path = Checker.swift; sourceTree = "<group>"; };
		6973B8C028F735E700DDBB39 /* LogInViewController.swift */ = {isa = PBXFileReference; lastKnownFileType = sourcecode.swift; path = LogInViewController.swift; sourceTree = "<group>"; };
		69762A66291AC5030054AA7D /* PostTableViewCell.swift */ = {isa = PBXFileReference; lastKnownFileType = sourcecode.swift; path = PostTableViewCell.swift; sourceTree = "<group>"; };
		69799EE22927EB3500A6F801 /* PhotosViewController.swift */ = {isa = PBXFileReference; lastKnownFileType = sourcecode.swift; path = PhotosViewController.swift; sourceTree = "<group>"; };
		69799EE42927EB6800A6F801 /* PhotosTableViewCell.swift */ = {isa = PBXFileReference; lastKnownFileType = sourcecode.swift; path = PhotosTableViewCell.swift; sourceTree = "<group>"; };
		69799EE62927EB9200A6F801 /* PhotosCollectionViewCell.swift */ = {isa = PBXFileReference; lastKnownFileType = sourcecode.swift; path = PhotosCollectionViewCell.swift; sourceTree = "<group>"; };
		697ECF9A290E74DA00B5C7E8 /* CustomButton.swift */ = {isa = PBXFileReference; lastKnownFileType = sourcecode.swift; path = CustomButton.swift; sourceTree = "<group>"; };
		697F0A7328C6748900B4F9AB /* FeedViewController.swift */ = {isa = PBXFileReference; lastKnownFileType = sourcecode.swift; path = FeedViewController.swift; sourceTree = "<group>"; };
		697F0A7528C674AE00B4F9AB /* ProfileViewController.swift */ = {isa = PBXFileReference; lastKnownFileType = sourcecode.swift; path = ProfileViewController.swift; sourceTree = "<group>"; };
		697F0A7728C6752B00B4F9AB /* PostViewController.swift */ = {isa = PBXFileReference; lastKnownFileType = sourcecode.swift; path = PostViewController.swift; sourceTree = "<group>"; };
		697F0A7928C6754C00B4F9AB /* InfoViewController.swift */ = {isa = PBXFileReference; lastKnownFileType = sourcecode.swift; path = InfoViewController.swift; sourceTree = "<group>"; };
		69811F0828CE2046001867B8 /* Post.swift */ = {isa = PBXFileReference; lastKnownFileType = sourcecode.swift; path = Post.swift; sourceTree = "<group>"; };
		69905D36293CEE75007A9315 /* CustomCell.swift */ = {isa = PBXFileReference; lastKnownFileType = sourcecode.swift; path = CustomCell.swift; sourceTree = "<group>"; };
		69A1D04828D3AC2E0091301A /* ProfileTableHederView.swift */ = {isa = PBXFileReference; lastKnownFileType = sourcecode.swift; path = ProfileTableHederView.swift; sourceTree = "<group>"; };
		69B9872728C7C8F60013D319 /* TabBarController.swift */ = {isa = PBXFileReference; lastKnownFileType = sourcecode.swift; path = TabBarController.swift; sourceTree = "<group>"; };
		69C2D32728C3B426008C198D /* Navigation.app */ = {isa = PBXFileReference; explicitFileType = wrapper.application; includeInIndex = 0; path = Navigation.app; sourceTree = BUILT_PRODUCTS_DIR; };
		69C2D32A28C3B426008C198D /* AppDelegate.swift */ = {isa = PBXFileReference; lastKnownFileType = sourcecode.swift; path = AppDelegate.swift; sourceTree = "<group>"; };
		69C2D32C28C3B426008C198D /* SceneDelegate.swift */ = {isa = PBXFileReference; lastKnownFileType = sourcecode.swift; path = SceneDelegate.swift; sourceTree = "<group>"; };
		69C2D32E28C3B426008C198D /* ViewController.swift */ = {isa = PBXFileReference; lastKnownFileType = sourcecode.swift; path = ViewController.swift; sourceTree = "<group>"; };
		69C2D33328C3B428008C198D /* Assets.xcassets */ = {isa = PBXFileReference; lastKnownFileType = folder.assetcatalog; path = Assets.xcassets; sourceTree = "<group>"; };
		69C2D33628C3B428008C198D /* Base */ = {isa = PBXFileReference; lastKnownFileType = file.storyboard; name = Base; path = Base.lproj/LaunchScreen.storyboard; sourceTree = "<group>"; };
		69C2D33828C3B428008C198D /* Info.plist */ = {isa = PBXFileReference; lastKnownFileType = text.plist.xml; path = Info.plist; sourceTree = "<group>"; };
		69D2ECDA299D5AA400721D5F /* StorageService.framework */ = {isa = PBXFileReference; explicitFileType = wrapper.framework; includeInIndex = 0; path = StorageService.framework; sourceTree = BUILT_PRODUCTS_DIR; };
		69D2ECDC299D5AA400721D5F /* StorageService.h */ = {isa = PBXFileReference; lastKnownFileType = sourcecode.c.h; path = StorageService.h; sourceTree = "<group>"; };
		69D2ECDD299D5AA400721D5F /* StorageService.docc */ = {isa = PBXFileReference; lastKnownFileType = folder.documentationcatalog; path = StorageService.docc; sourceTree = "<group>"; };
/* End PBXFileReference section */

/* Begin PBXFrameworksBuildPhase section */
		69C2D32428C3B426008C198D /* Frameworks */ = {
			isa = PBXFrameworksBuildPhase;
			buildActionMask = 2147483647;
			files = (
				69D2ECEF299D5AA500721D5F /* StorageService.framework in Frameworks */,
				69DF510D29E1CBA300F5FFD9 /* iOSIntPackage in Frameworks */,
			);
			runOnlyForDeploymentPostprocessing = 0;
		};
		69D2ECD7299D5AA400721D5F /* Frameworks */ = {
			isa = PBXFrameworksBuildPhase;
			buildActionMask = 2147483647;
			files = (
			);
			runOnlyForDeploymentPostprocessing = 0;
		};
/* End PBXFrameworksBuildPhase section */

/* Begin PBXGroup section */
		697F0A6F28C6714D00B4F9AB /* Application */ = {
			isa = PBXGroup;
			children = (
				69C2D32A28C3B426008C198D /* AppDelegate.swift */,
				69C2D32C28C3B426008C198D /* SceneDelegate.swift */,
			);
			path = Application;
			sourceTree = "<group>";
		};
		697F0A7028C6718400B4F9AB /* TabbarModule */ = {
			isa = PBXGroup;
			children = (
				69B9872728C7C8F60013D319 /* TabBarController.swift */,
			);
			path = TabbarModule;
			sourceTree = "<group>";
		};
		697F0A7128C6744E00B4F9AB /* FirstModule */ = {
			isa = PBXGroup;
			children = (
				697F0A7328C6748900B4F9AB /* FeedViewController.swift */,
				697F0A7728C6752B00B4F9AB /* PostViewController.swift */,
				697F0A7928C6754C00B4F9AB /* InfoViewController.swift */,
				69811F0828CE2046001867B8 /* Post.swift */,
			);
			path = FirstModule;
			sourceTree = "<group>";
		};
		69A1D04728D3ABF80091301A /* Profile */ = {
			isa = PBXGroup;
			children = (
				69A1D04828D3AC2E0091301A /* ProfileTableHederView.swift */,
				6973B8C028F735E700DDBB39 /* LogInViewController.swift */,
				697F0A7528C674AE00B4F9AB /* ProfileViewController.swift */,
				697ECF9A290E74DA00B5C7E8 /* CustomButton.swift */,
				69762A66291AC5030054AA7D /* PostTableViewCell.swift */,
				69799EE22927EB3500A6F801 /* PhotosViewController.swift */,
				69799EE42927EB6800A6F801 /* PhotosTableViewCell.swift */,
				69799EE62927EB9200A6F801 /* PhotosCollectionViewCell.swift */,
				69905D36293CEE75007A9315 /* CustomCell.swift */,
				694C798E29AE8292000C5CDF /* User.swift */,
				6954BDFF29C391CC00010C5C /* Checker.swift */,
			);
			path = Profile;
			sourceTree = "<group>";
		};
		69C2D31E28C3B426008C198D = {
			isa = PBXGroup;
			children = (
				69C2D32928C3B426008C198D /* Navigation */,
				69D2ECDB299D5AA400721D5F /* StorageService */,
				69C2D32828C3B426008C198D /* Products */,
			);
			sourceTree = "<group>";
		};
		69C2D32828C3B426008C198D /* Products */ = {
			isa = PBXGroup;
			children = (
				69C2D32728C3B426008C198D /* Navigation.app */,
				69D2ECDA299D5AA400721D5F /* StorageService.framework */,
			);
			name = Products;
			sourceTree = "<group>";
		};
		69C2D32928C3B426008C198D /* Navigation */ = {
			isa = PBXGroup;
			children = (
				697F0A6F28C6714D00B4F9AB /* Application */,
				697F0A7028C6718400B4F9AB /* TabbarModule */,
				697F0A7128C6744E00B4F9AB /* FirstModule */,
				69A1D04728D3ABF80091301A /* Profile */,
				69C2D32E28C3B426008C198D /* ViewController.swift */,
				69C2D33328C3B428008C198D /* Assets.xcassets */,
				69C2D33528C3B428008C198D /* LaunchScreen.storyboard */,
				69C2D33828C3B428008C198D /* Info.plist */,
			);
			path = Navigation;
			sourceTree = "<group>";
		};
		69D2ECDB299D5AA400721D5F /* StorageService */ = {
			isa = PBXGroup;
			children = (
				6948125C291EC57A009018C1 /* PostStruct.swift */,
				69D2ECDC299D5AA400721D5F /* StorageService.h */,
				69D2ECDD299D5AA400721D5F /* StorageService.docc */,
			);
			path = StorageService;
			sourceTree = "<group>";
		};
/* End PBXGroup section */

/* Begin PBXHeadersBuildPhase section */
		69D2ECD5299D5AA400721D5F /* Headers */ = {
			isa = PBXHeadersBuildPhase;
			buildActionMask = 2147483647;
			files = (
				69D2ECEC299D5AA500721D5F /* StorageService.h in Headers */,
			);
			runOnlyForDeploymentPostprocessing = 0;
		};
/* End PBXHeadersBuildPhase section */

/* Begin PBXNativeTarget section */
		69C2D32628C3B426008C198D /* Navigation */ = {
			isa = PBXNativeTarget;
			buildConfigurationList = 69C2D33B28C3B428008C198D /* Build configuration list for PBXNativeTarget "Navigation" */;
			buildPhases = (
				69C2D32328C3B426008C198D /* Sources */,
				69C2D32428C3B426008C198D /* Frameworks */,
				69C2D32528C3B426008C198D /* Resources */,
				69D2ECF1299D5AA500721D5F /* Embed Frameworks */,
			);
			buildRules = (
			);
			dependencies = (
				69D2ECEE299D5AA500721D5F /* PBXTargetDependency */,
			);
			name = Navigation;
			packageProductDependencies = (
				69DF510C29E1CBA300F5FFD9 /* iOSIntPackage */,
			);
			productName = Navigation;
			productReference = 69C2D32728C3B426008C198D /* Navigation.app */;
			productType = "com.apple.product-type.application";
		};
		69D2ECD9299D5AA400721D5F /* StorageService */ = {
			isa = PBXNativeTarget;
			buildConfigurationList = 69D2ECF6299D5AA500721D5F /* Build configuration list for PBXNativeTarget "StorageService" */;
			buildPhases = (
				69D2ECD5299D5AA400721D5F /* Headers */,
				69D2ECD6299D5AA400721D5F /* Sources */,
				69D2ECD7299D5AA400721D5F /* Frameworks */,
				69D2ECD8299D5AA400721D5F /* Resources */,
			);
			buildRules = (
			);
			dependencies = (
			);
			name = StorageService;
			productName = StorageService;
			productReference = 69D2ECDA299D5AA400721D5F /* StorageService.framework */;
			productType = "com.apple.product-type.framework";
		};
/* End PBXNativeTarget section */

/* Begin PBXProject section */
		69C2D31F28C3B426008C198D /* Project object */ = {
			isa = PBXProject;
			attributes = {
				BuildIndependentTargetsInParallel = 1;
				LastSwiftUpdateCheck = 1420;
				LastUpgradeCheck = 1340;
				TargetAttributes = {
					69C2D32628C3B426008C198D = {
						CreatedOnToolsVersion = 13.4.1;
					};
					69D2ECD9299D5AA400721D5F = {
						CreatedOnToolsVersion = 14.2;
					};
				};
			};
			buildConfigurationList = 69C2D32228C3B426008C198D /* Build configuration list for PBXProject "Navigation" */;
			compatibilityVersion = "Xcode 13.0";
			developmentRegion = en;
			hasScannedForEncodings = 0;
			knownRegions = (
				en,
				Base,
			);
			mainGroup = 69C2D31E28C3B426008C198D;
			packageReferences = (
				69DF510B29E1CBA300F5FFD9 /* XCRemoteSwiftPackageReference "iOSIntPackage" */,
			);
			productRefGroup = 69C2D32828C3B426008C198D /* Products */;
			projectDirPath = "";
			projectRoot = "";
			targets = (
				69C2D32628C3B426008C198D /* Navigation */,
				69D2ECD9299D5AA400721D5F /* StorageService */,
			);
		};
/* End PBXProject section */

/* Begin PBXResourcesBuildPhase section */
		69C2D32528C3B426008C198D /* Resources */ = {
			isa = PBXResourcesBuildPhase;
			buildActionMask = 2147483647;
			files = (
				69C2D33728C3B428008C198D /* LaunchScreen.storyboard in Resources */,
				69C2D33428C3B428008C198D /* Assets.xcassets in Resources */,
			);
			runOnlyForDeploymentPostprocessing = 0;
		};
		69D2ECD8299D5AA400721D5F /* Resources */ = {
			isa = PBXResourcesBuildPhase;
			buildActionMask = 2147483647;
			files = (
			);
			runOnlyForDeploymentPostprocessing = 0;
		};
/* End PBXResourcesBuildPhase section */

/* Begin PBXSourcesBuildPhase section */
		69C2D32328C3B426008C198D /* Sources */ = {
			isa = PBXSourcesBuildPhase;
			buildActionMask = 2147483647;
			files = (
				697F0A7828C6752B00B4F9AB /* PostViewController.swift in Sources */,
				6954BE0029C391CC00010C5C /* Checker.swift in Sources */,
				69B9872828C7C8F60013D319 /* TabBarController.swift in Sources */,
				6973B8C128F735E700DDBB39 /* LogInViewController.swift in Sources */,
				69C2D32F28C3B426008C198D /* ViewController.swift in Sources */,
				69D52BAD29A0E80D003239F1 /* Post.swift in Sources */,
				69905D37293CEE75007A9315 /* CustomCell.swift in Sources */,
				69799EE52927EB6800A6F801 /* PhotosTableViewCell.swift in Sources */,
				69C2D32B28C3B426008C198D /* AppDelegate.swift in Sources */,
				697F0A7A28C6754C00B4F9AB /* InfoViewController.swift in Sources */,
				697F0A7628C674AE00B4F9AB /* ProfileViewController.swift in Sources */,
				697ECF9B290E74DA00B5C7E8 /* CustomButton.swift in Sources */,
				69799EE32927EB3500A6F801 /* PhotosViewController.swift in Sources */,
				69A1D04928D3AC2E0091301A /* ProfileTableHederView.swift in Sources */,
				697F0A7428C6748900B4F9AB /* FeedViewController.swift in Sources */,
				694C798F29AE8292000C5CDF /* User.swift in Sources */,
				69799EE72927EB9200A6F801 /* PhotosCollectionViewCell.swift in Sources */,
				69C2D32D28C3B426008C198D /* SceneDelegate.swift in Sources */,
				69762A67291AC5030054AA7D /* PostTableViewCell.swift in Sources */,
			);
			runOnlyForDeploymentPostprocessing = 0;
		};
		69D2ECD6299D5AA400721D5F /* Sources */ = {
			isa = PBXSourcesBuildPhase;
			buildActionMask = 2147483647;
			files = (
				69D52BAC29A0E7F7003239F1 /* PostStruct.swift in Sources */,
				69D2ECDE299D5AA400721D5F /* StorageService.docc in Sources */,
			);
			runOnlyForDeploymentPostprocessing = 0;
		};
/* End PBXSourcesBuildPhase section */

/* Begin PBXTargetDependency section */
		69D2ECEE299D5AA500721D5F /* PBXTargetDependency */ = {
			isa = PBXTargetDependency;
			target = 69D2ECD9299D5AA400721D5F /* StorageService */;
			targetProxy = 69D2ECED299D5AA500721D5F /* PBXContainerItemProxy */;
		};
/* End PBXTargetDependency section */

/* Begin PBXVariantGroup section */
		69C2D33528C3B428008C198D /* LaunchScreen.storyboard */ = {
			isa = PBXVariantGroup;
			children = (
				69C2D33628C3B428008C198D /* Base */,
			);
			name = LaunchScreen.storyboard;
			sourceTree = "<group>";
		};
/* End PBXVariantGroup section */

/* Begin XCBuildConfiguration section */
		69C2D33928C3B428008C198D /* Debug */ = {
			isa = XCBuildConfiguration;
			buildSettings = {
				ALWAYS_SEARCH_USER_PATHS = NO;
				CLANG_ANALYZER_NONNULL = YES;
				CLANG_ANALYZER_NUMBER_OBJECT_CONVERSION = YES_AGGRESSIVE;
				CLANG_CXX_LANGUAGE_STANDARD = "gnu++17";
				CLANG_ENABLE_MODULES = YES;
				CLANG_ENABLE_OBJC_ARC = YES;
				CLANG_ENABLE_OBJC_WEAK = YES;
				CLANG_WARN_BLOCK_CAPTURE_AUTORELEASING = YES;
				CLANG_WARN_BOOL_CONVERSION = YES;
				CLANG_WARN_COMMA = YES;
				CLANG_WARN_CONSTANT_CONVERSION = YES;
				CLANG_WARN_DEPRECATED_OBJC_IMPLEMENTATIONS = YES;
				CLANG_WARN_DIRECT_OBJC_ISA_USAGE = YES_ERROR;
				CLANG_WARN_DOCUMENTATION_COMMENTS = YES;
				CLANG_WARN_EMPTY_BODY = YES;
				CLANG_WARN_ENUM_CONVERSION = YES;
				CLANG_WARN_INFINITE_RECURSION = YES;
				CLANG_WARN_INT_CONVERSION = YES;
				CLANG_WARN_NON_LITERAL_NULL_CONVERSION = YES;
				CLANG_WARN_OBJC_IMPLICIT_RETAIN_SELF = YES;
				CLANG_WARN_OBJC_LITERAL_CONVERSION = YES;
				CLANG_WARN_OBJC_ROOT_CLASS = YES_ERROR;
				CLANG_WARN_QUOTED_INCLUDE_IN_FRAMEWORK_HEADER = YES;
				CLANG_WARN_RANGE_LOOP_ANALYSIS = YES;
				CLANG_WARN_STRICT_PROTOTYPES = YES;
				CLANG_WARN_SUSPICIOUS_MOVE = YES;
				CLANG_WARN_UNGUARDED_AVAILABILITY = YES_AGGRESSIVE;
				CLANG_WARN_UNREACHABLE_CODE = YES;
				CLANG_WARN__DUPLICATE_METHOD_MATCH = YES;
				COPY_PHASE_STRIP = NO;
				DEBUG_INFORMATION_FORMAT = dwarf;
				ENABLE_STRICT_OBJC_MSGSEND = YES;
				ENABLE_TESTABILITY = YES;
				GCC_C_LANGUAGE_STANDARD = gnu11;
				GCC_DYNAMIC_NO_PIC = NO;
				GCC_NO_COMMON_BLOCKS = YES;
				GCC_OPTIMIZATION_LEVEL = 0;
				GCC_PREPROCESSOR_DEFINITIONS = (
					"DEBUG=1",
					"$(inherited)",
				);
				GCC_WARN_64_TO_32_BIT_CONVERSION = YES;
				GCC_WARN_ABOUT_RETURN_TYPE = YES_ERROR;
				GCC_WARN_UNDECLARED_SELECTOR = YES;
				GCC_WARN_UNINITIALIZED_AUTOS = YES_AGGRESSIVE;
				GCC_WARN_UNUSED_FUNCTION = YES;
				GCC_WARN_UNUSED_VARIABLE = YES;
				IPHONEOS_DEPLOYMENT_TARGET = 15.0;
				MTL_ENABLE_DEBUG_INFO = INCLUDE_SOURCE;
				MTL_FAST_MATH = YES;
				ONLY_ACTIVE_ARCH = YES;
				SDKROOT = iphoneos;
				SWIFT_ACTIVE_COMPILATION_CONDITIONS = DEBUG;
				SWIFT_OPTIMIZATION_LEVEL = "-Onone";
			};
			name = Debug;
		};
		69C2D33A28C3B428008C198D /* Release */ = {
			isa = XCBuildConfiguration;
			buildSettings = {
				ALWAYS_SEARCH_USER_PATHS = NO;
				CLANG_ANALYZER_NONNULL = YES;
				CLANG_ANALYZER_NUMBER_OBJECT_CONVERSION = YES_AGGRESSIVE;
				CLANG_CXX_LANGUAGE_STANDARD = "gnu++17";
				CLANG_ENABLE_MODULES = YES;
				CLANG_ENABLE_OBJC_ARC = YES;
				CLANG_ENABLE_OBJC_WEAK = YES;
				CLANG_WARN_BLOCK_CAPTURE_AUTORELEASING = YES;
				CLANG_WARN_BOOL_CONVERSION = YES;
				CLANG_WARN_COMMA = YES;
				CLANG_WARN_CONSTANT_CONVERSION = YES;
				CLANG_WARN_DEPRECATED_OBJC_IMPLEMENTATIONS = YES;
				CLANG_WARN_DIRECT_OBJC_ISA_USAGE = YES_ERROR;
				CLANG_WARN_DOCUMENTATION_COMMENTS = YES;
				CLANG_WARN_EMPTY_BODY = YES;
				CLANG_WARN_ENUM_CONVERSION = YES;
				CLANG_WARN_INFINITE_RECURSION = YES;
				CLANG_WARN_INT_CONVERSION = YES;
				CLANG_WARN_NON_LITERAL_NULL_CONVERSION = YES;
				CLANG_WARN_OBJC_IMPLICIT_RETAIN_SELF = YES;
				CLANG_WARN_OBJC_LITERAL_CONVERSION = YES;
				CLANG_WARN_OBJC_ROOT_CLASS = YES_ERROR;
				CLANG_WARN_QUOTED_INCLUDE_IN_FRAMEWORK_HEADER = YES;
				CLANG_WARN_RANGE_LOOP_ANALYSIS = YES;
				CLANG_WARN_STRICT_PROTOTYPES = YES;
				CLANG_WARN_SUSPICIOUS_MOVE = YES;
				CLANG_WARN_UNGUARDED_AVAILABILITY = YES_AGGRESSIVE;
				CLANG_WARN_UNREACHABLE_CODE = YES;
				CLANG_WARN__DUPLICATE_METHOD_MATCH = YES;
				COPY_PHASE_STRIP = NO;
				DEBUG_INFORMATION_FORMAT = "dwarf-with-dsym";
				ENABLE_NS_ASSERTIONS = NO;
				ENABLE_STRICT_OBJC_MSGSEND = YES;
				GCC_C_LANGUAGE_STANDARD = gnu11;
				GCC_NO_COMMON_BLOCKS = YES;
				GCC_WARN_64_TO_32_BIT_CONVERSION = YES;
				GCC_WARN_ABOUT_RETURN_TYPE = YES_ERROR;
				GCC_WARN_UNDECLARED_SELECTOR = YES;
				GCC_WARN_UNINITIALIZED_AUTOS = YES_AGGRESSIVE;
				GCC_WARN_UNUSED_FUNCTION = YES;
				GCC_WARN_UNUSED_VARIABLE = YES;
				IPHONEOS_DEPLOYMENT_TARGET = 15.0;
				MTL_ENABLE_DEBUG_INFO = NO;
				MTL_FAST_MATH = YES;
				SDKROOT = iphoneos;
				SWIFT_COMPILATION_MODE = wholemodule;
				SWIFT_OPTIMIZATION_LEVEL = "-O";
				VALIDATE_PRODUCT = YES;
			};
			name = Release;
		};
		69C2D33C28C3B428008C198D /* Debug */ = {
			isa = XCBuildConfiguration;
			buildSettings = {
				ALWAYS_EMBED_SWIFT_STANDARD_LIBRARIES = YES;
				ASSETCATALOG_COMPILER_APPICON_NAME = AppIcon;
				ASSETCATALOG_COMPILER_GLOBAL_ACCENT_COLOR_NAME = AccentColor;
				CODE_SIGN_STYLE = Automatic;
				CURRENT_PROJECT_VERSION = 1;
				DEVELOPMENT_TEAM = FKND3K9JJX;
				GENERATE_INFOPLIST_FILE = YES;
				INFOPLIST_FILE = Navigation/Info.plist;
				INFOPLIST_KEY_UIApplicationSupportsIndirectInputEvents = YES;
				INFOPLIST_KEY_UILaunchStoryboardName = LaunchScreen;
				INFOPLIST_KEY_UISupportedInterfaceOrientations_iPad = "UIInterfaceOrientationPortrait UIInterfaceOrientationPortraitUpsideDown UIInterfaceOrientationLandscapeLeft UIInterfaceOrientationLandscapeRight";
				INFOPLIST_KEY_UISupportedInterfaceOrientations_iPhone = "UIInterfaceOrientationPortrait UIInterfaceOrientationLandscapeLeft UIInterfaceOrientationLandscapeRight";
				LD_RUNPATH_SEARCH_PATHS = (
					"$(inherited)",
					"@executable_path/Frameworks",
				);
				MARKETING_VERSION = 1.0;
				PRODUCT_BUNDLE_IDENTIFIER = "-.Navigation";
				PRODUCT_NAME = "$(TARGET_NAME)";
				SWIFT_EMIT_LOC_STRINGS = YES;
				SWIFT_VERSION = 5.0;
				TARGETED_DEVICE_FAMILY = 1;
			};
			name = Debug;
		};
		69C2D33D28C3B428008C198D /* Release */ = {
			isa = XCBuildConfiguration;
			buildSettings = {
				ALWAYS_EMBED_SWIFT_STANDARD_LIBRARIES = YES;
				ASSETCATALOG_COMPILER_APPICON_NAME = AppIcon;
				ASSETCATALOG_COMPILER_GLOBAL_ACCENT_COLOR_NAME = AccentColor;
				CODE_SIGN_STYLE = Automatic;
				CURRENT_PROJECT_VERSION = 1;
				DEVELOPMENT_TEAM = FKND3K9JJX;
				GENERATE_INFOPLIST_FILE = YES;
				INFOPLIST_FILE = Navigation/Info.plist;
				INFOPLIST_KEY_UIApplicationSupportsIndirectInputEvents = YES;
				INFOPLIST_KEY_UILaunchStoryboardName = LaunchScreen;
				INFOPLIST_KEY_UISupportedInterfaceOrientations_iPad = "UIInterfaceOrientationPortrait UIInterfaceOrientationPortraitUpsideDown UIInterfaceOrientationLandscapeLeft UIInterfaceOrientationLandscapeRight";
				INFOPLIST_KEY_UISupportedInterfaceOrientations_iPhone = "UIInterfaceOrientationPortrait UIInterfaceOrientationLandscapeLeft UIInterfaceOrientationLandscapeRight";
				LD_RUNPATH_SEARCH_PATHS = (
					"$(inherited)",
					"@executable_path/Frameworks",
				);
				MARKETING_VERSION = 1.0;
				PRODUCT_BUNDLE_IDENTIFIER = "-.Navigation";
				PRODUCT_NAME = "$(TARGET_NAME)";
				SWIFT_EMIT_LOC_STRINGS = YES;
				SWIFT_VERSION = 5.0;
				TARGETED_DEVICE_FAMILY = 1;
			};
			name = Release;
		};
		69D2ECF2299D5AA500721D5F /* Debug */ = {
			isa = XCBuildConfiguration;
			buildSettings = {
				CLANG_CXX_LANGUAGE_STANDARD = "gnu++20";
				CODE_SIGN_STYLE = Automatic;
				CURRENT_PROJECT_VERSION = 1;
				DEFINES_MODULE = YES;
				DEVELOPMENT_TEAM = FKND3K9JJX;
				DYLIB_COMPATIBILITY_VERSION = 1;
				DYLIB_CURRENT_VERSION = 1;
				DYLIB_INSTALL_NAME_BASE = "@rpath";
				GENERATE_INFOPLIST_FILE = YES;
				INFOPLIST_KEY_NSHumanReadableCopyright = "";
				INSTALL_PATH = "$(LOCAL_LIBRARY_DIR)/Frameworks";
				IPHONEOS_DEPLOYMENT_TARGET = 15.0;
				LD_RUNPATH_SEARCH_PATHS = (
					"$(inherited)",
					"@executable_path/Frameworks",
					"@loader_path/Frameworks",
				);
				MARKETING_VERSION = 1.0;
				PRODUCT_BUNDLE_IDENTIFIER = "-.StorageService";
				PRODUCT_NAME = "$(TARGET_NAME:c99extidentifier)";
				SKIP_INSTALL = YES;
				SWIFT_EMIT_LOC_STRINGS = YES;
				SWIFT_VERSION = 5.0;
				TARGETED_DEVICE_FAMILY = "1,2";
				VERSIONING_SYSTEM = "apple-generic";
				VERSION_INFO_PREFIX = "";
			};
			name = Debug;
		};
		69D2ECF3299D5AA500721D5F /* Release */ = {
			isa = XCBuildConfiguration;
			buildSettings = {
				CLANG_CXX_LANGUAGE_STANDARD = "gnu++20";
				CODE_SIGN_STYLE = Automatic;
				CURRENT_PROJECT_VERSION = 1;
				DEFINES_MODULE = YES;
				DEVELOPMENT_TEAM = FKND3K9JJX;
				DYLIB_COMPATIBILITY_VERSION = 1;
				DYLIB_CURRENT_VERSION = 1;
				DYLIB_INSTALL_NAME_BASE = "@rpath";
				GENERATE_INFOPLIST_FILE = YES;
				INFOPLIST_KEY_NSHumanReadableCopyright = "";
				INSTALL_PATH = "$(LOCAL_LIBRARY_DIR)/Frameworks";
				IPHONEOS_DEPLOYMENT_TARGET = 15.0;
				LD_RUNPATH_SEARCH_PATHS = (
					"$(inherited)",
					"@executable_path/Frameworks",
					"@loader_path/Frameworks",
				);
				MARKETING_VERSION = 1.0;
				PRODUCT_BUNDLE_IDENTIFIER = "-.StorageService";
				PRODUCT_NAME = "$(TARGET_NAME:c99extidentifier)";
				SKIP_INSTALL = YES;
				SWIFT_EMIT_LOC_STRINGS = YES;
				SWIFT_VERSION = 5.0;
				TARGETED_DEVICE_FAMILY = "1,2";
				VERSIONING_SYSTEM = "apple-generic";
				VERSION_INFO_PREFIX = "";
			};
			name = Release;
		};
/* End XCBuildConfiguration section */

/* Begin XCConfigurationList section */
		69C2D32228C3B426008C198D /* Build configuration list for PBXProject "Navigation" */ = {
			isa = XCConfigurationList;
			buildConfigurations = (
				69C2D33928C3B428008C198D /* Debug */,
				69C2D33A28C3B428008C198D /* Release */,
			);
			defaultConfigurationIsVisible = 0;
			defaultConfigurationName = Release;
		};
		69C2D33B28C3B428008C198D /* Build configuration list for PBXNativeTarget "Navigation" */ = {
			isa = XCConfigurationList;
			buildConfigurations = (
				69C2D33C28C3B428008C198D /* Debug */,
				69C2D33D28C3B428008C198D /* Release */,
			);
			defaultConfigurationIsVisible = 0;
			defaultConfigurationName = Release;
		};
		69D2ECF6299D5AA500721D5F /* Build configuration list for PBXNativeTarget "StorageService" */ = {
			isa = XCConfigurationList;
			buildConfigurations = (
				69D2ECF2299D5AA500721D5F /* Debug */,
				69D2ECF3299D5AA500721D5F /* Release */,
			);
			defaultConfigurationIsVisible = 0;
			defaultConfigurationName = Release;
		};
/* End XCConfigurationList section */

/* Begin XCRemoteSwiftPackageReference section */
		69DF510B29E1CBA300F5FFD9 /* XCRemoteSwiftPackageReference "iOSIntPackage" */ = {
			isa = XCRemoteSwiftPackageReference;
			repositoryURL = "https://github.com/TrueMax/iOSIntPackage";
			requirement = {
				branch = imagepublisher;
				kind = branch;
			};
		};
/* End XCRemoteSwiftPackageReference section */

/* Begin XCSwiftPackageProductDependency section */
		69DF510C29E1CBA300F5FFD9 /* iOSIntPackage */ = {
			isa = XCSwiftPackageProductDependency;
			package = 69DF510B29E1CBA300F5FFD9 /* XCRemoteSwiftPackageReference "iOSIntPackage" */;
			productName = iOSIntPackage;
		};
/* End XCSwiftPackageProductDependency section */
	};
	rootObject = 69C2D31F28C3B426008C198D /* Project object */;
}
